// !$*UTF8*$!
{
	archiveVersion = 1;
	classes = {
	};
	objectVersion = 46;
	objects = {

/* Begin PBXBuildFile section */
		66329BB11E736228005F6E7F /* ClassFile.swift in Sources */ = {isa = PBXBuildFile; fileRef = 66329BB01E736227005F6E7F /* ClassFile.swift */; };
		66D9CBE71E77215D004CBA43 /* GraphView.swift in Sources */ = {isa = PBXBuildFile; fileRef = 66D9CBE61E77215D004CBA43 /* GraphView.swift */; };
		66D9CBF11E7C9494004CBA43 /* swipeLeft.png in Resources */ = {isa = PBXBuildFile; fileRef = 66D9CBEF1E7C9494004CBA43 /* swipeLeft.png */; };
		66D9CBF21E7C9494004CBA43 /* swipeRight.png in Resources */ = {isa = PBXBuildFile; fileRef = 66D9CBF01E7C9494004CBA43 /* swipeRight.png */; };
		66E403981E70C4D900C6184A /* AppDelegate.swift in Sources */ = {isa = PBXBuildFile; fileRef = 66E403971E70C4D900C6184A /* AppDelegate.swift */; };
		66E4039D1E70C4D900C6184A /* Main.storyboard in Resources */ = {isa = PBXBuildFile; fileRef = 66E4039B1E70C4D900C6184A /* Main.storyboard */; };
		66E4039F1E70C4DA00C6184A /* Assets.xcassets in Resources */ = {isa = PBXBuildFile; fileRef = 66E4039E1E70C4DA00C6184A /* Assets.xcassets */; };
		66E403A21E70C4DA00C6184A /* LaunchScreen.storyboard in Resources */ = {isa = PBXBuildFile; fileRef = 66E403A01E70C4DA00C6184A /* LaunchScreen.storyboard */; };
		66E403AA1E70C9B600C6184A /* DiscountViewController.swift in Sources */ = {isa = PBXBuildFile; fileRef = 66E403A91E70C9B600C6184A /* DiscountViewController.swift */; };
		66E403AC1E70C9D400C6184A /* ResultViewController.swift in Sources */ = {isa = PBXBuildFile; fileRef = 66E403AB1E70C9D400C6184A /* ResultViewController.swift */; };
/* End PBXBuildFile section */

/* Begin PBXFileReference section */
		66329BB01E736227005F6E7F /* ClassFile.swift */ = {isa = PBXFileReference; fileEncoding = 4; lastKnownFileType = sourcecode.swift; name = ClassFile.swift; path = ../ClassFile.swift; sourceTree = "<group>"; };
		66D9CBE61E77215D004CBA43 /* GraphView.swift */ = {isa = PBXFileReference; fileEncoding = 4; lastKnownFileType = sourcecode.swift; path = GraphView.swift; sourceTree = "<group>"; };
		66D9CBEF1E7C9494004CBA43 /* swipeLeft.png */ = {isa = PBXFileReference; lastKnownFileType = image.png; name = swipeLeft.png; path = Assignment3/Assets.xcassets/swipeLeft.png; sourceTree = "<group>"; };
		66D9CBF01E7C9494004CBA43 /* swipeRight.png */ = {isa = PBXFileReference; lastKnownFileType = image.png; name = swipeRight.png; path = Assignment3/Assets.xcassets/swipeRight.png; sourceTree = "<group>"; };
		66E403941E70C4D800C6184A /* Assignment3.app */ = {isa = PBXFileReference; explicitFileType = wrapper.application; includeInIndex = 0; path = Assignment3.app; sourceTree = BUILT_PRODUCTS_DIR; };
		66E403971E70C4D900C6184A /* AppDelegate.swift */ = {isa = PBXFileReference; lastKnownFileType = sourcecode.swift; path = AppDelegate.swift; sourceTree = "<group>"; };
		66E4039C1E70C4D900C6184A /* Base */ = {isa = PBXFileReference; lastKnownFileType = file.storyboard; name = Base; path = Base.lproj/Main.storyboard; sourceTree = "<group>"; };
		66E4039E1E70C4DA00C6184A /* Assets.xcassets */ = {isa = PBXFileReference; lastKnownFileType = folder.assetcatalog; path = Assets.xcassets; sourceTree = "<group>"; };
		66E403A11E70C4DA00C6184A /* Base */ = {isa = PBXFileReference; lastKnownFileType = file.storyboard; name = Base; path = Base.lproj/LaunchScreen.storyboard; sourceTree = "<group>"; };
		66E403A31E70C4DA00C6184A /* Info.plist */ = {isa = PBXFileReference; lastKnownFileType = text.plist.xml; path = Info.plist; sourceTree = "<group>"; };
		66E403A91E70C9B600C6184A /* DiscountViewController.swift */ = {isa = PBXFileReference; fileEncoding = 4; lastKnownFileType = sourcecode.swift; path = DiscountViewController.swift; sourceTree = "<group>"; };
		66E403AB1E70C9D400C6184A /* ResultViewController.swift */ = {isa = PBXFileReference; fileEncoding = 4; lastKnownFileType = sourcecode.swift; path = ResultViewController.swift; sourceTree = "<group>"; };
/* End PBXFileReference section */

/* Begin PBXFrameworksBuildPhase section */
		66E403911E70C4D500C6184A /* Frameworks */ = {
			isa = PBXFrameworksBuildPhase;
			buildActionMask = 2147483647;
			files = (
			);
			runOnlyForDeploymentPostprocessing = 0;
		};
/* End PBXFrameworksBuildPhase section */

/* Begin PBXGroup section */
		66D9CBE81E79AE02004CBA43 /* img */ = {
			isa = PBXGroup;
			children = (
				66D9CBEF1E7C9494004CBA43 /* swipeLeft.png */,
				66D9CBF01E7C9494004CBA43 /* swipeRight.png */,
			);
			name = img;
			sourceTree = "<group>";
		};
		66E4038B1E70C4D300C6184A = {
			isa = PBXGroup;
			children = (
				66D9CBE81E79AE02004CBA43 /* img */,
				66E403961E70C4D800C6184A /* Assignment3 */,
				66E403951E70C4D800C6184A /* Products */,
			);
			sourceTree = "<group>";
		};
		66E403951E70C4D800C6184A /* Products */ = {
			isa = PBXGroup;
			children = (
				66E403941E70C4D800C6184A /* Assignment3.app */,
			);
			name = Products;
			sourceTree = "<group>";
		};
		66E403961E70C4D800C6184A /* Assignment3 */ = {
			isa = PBXGroup;
			children = (
				66D9CBE61E77215D004CBA43 /* GraphView.swift */,
				66329BB01E736227005F6E7F /* ClassFile.swift */,
				66E403971E70C4D900C6184A /* AppDelegate.swift */,
				66E4039B1E70C4D900C6184A /* Main.storyboard */,
				66E4039E1E70C4DA00C6184A /* Assets.xcassets */,
				66E403A01E70C4DA00C6184A /* LaunchScreen.storyboard */,
				66E403A31E70C4DA00C6184A /* Info.plist */,
				66E403A91E70C9B600C6184A /* DiscountViewController.swift */,
				66E403AB1E70C9D400C6184A /* ResultViewController.swift */,
			);
			path = Assignment3;
			sourceTree = "<group>";
		};
/* End PBXGroup section */

/* Begin PBXNativeTarget section */
		66E403931E70C4D500C6184A /* Assignment3 */ = {
			isa = PBXNativeTarget;
			buildConfigurationList = 66E403A61E70C4DA00C6184A /* Build configuration list for PBXNativeTarget "Assignment3" */;
			buildPhases = (
				66E403901E70C4D500C6184A /* Sources */,
				66E403911E70C4D500C6184A /* Frameworks */,
				66E403921E70C4D500C6184A /* Resources */,
			);
			buildRules = (
			);
			dependencies = (
			);
			name = Assignment3;
			productName = Assignment3;
			productReference = 66E403941E70C4D800C6184A /* Assignment3.app */;
			productType = "com.apple.product-type.application";
		};
/* End PBXNativeTarget section */

/* Begin PBXProject section */
		66E4038C1E70C4D400C6184A /* Project object */ = {
			isa = PBXProject;
			attributes = {
				LastSwiftUpdateCheck = 0820;
				LastUpgradeCheck = 0820;
				ORGANIZATIONNAME = "Ajay Shenoy";
				TargetAttributes = {
					66E403931E70C4D500C6184A = {
						CreatedOnToolsVersion = 8.2.1;
						DevelopmentTeam = M5J7Y579C8;
						ProvisioningStyle = Automatic;
					};
				};
			};
			buildConfigurationList = 66E4038F1E70C4D400C6184A /* Build configuration list for PBXProject "Assignment3" */;
			compatibilityVersion = "Xcode 3.2";
			developmentRegion = English;
			hasScannedForEncodings = 0;
			knownRegions = (
				en,
				Base,
			);
			mainGroup = 66E4038B1E70C4D300C6184A;
			productRefGroup = 66E403951E70C4D800C6184A /* Products */;
			projectDirPath = "";
			projectRoot = "";
			targets = (
				66E403931E70C4D500C6184A /* Assignment3 */,
			);
		};
/* End PBXProject section */

/* Begin PBXResourcesBuildPhase section */
		66E403921E70C4D500C6184A /* Resources */ = {
			isa = PBXResourcesBuildPhase;
			buildActionMask = 2147483647;
			files = (
				66E403A21E70C4DA00C6184A /* LaunchScreen.storyboard in Resources */,
				66E4039F1E70C4DA00C6184A /* Assets.xcassets in Resources */,
				66D9CBF21E7C9494004CBA43 /* swipeRight.png in Resources */,
				66E4039D1E70C4D900C6184A /* Main.storyboard in Resources */,
				66D9CBF11E7C9494004CBA43 /* swipeLeft.png in Resources */,
			);
			runOnlyForDeploymentPostprocessing = 0;
		};
/* End PBXResourcesBuildPhase section */

/* Begin PBXSourcesBuildPhase section */
		66E403901E70C4D500C6184A /* Sources */ = {
			isa = PBXSourcesBuildPhase;
			buildActionMask = 2147483647;
			files = (
				66D9CBE71E77215D004CBA43 /* GraphView.swift in Sources */,
				66329BB11E736228005F6E7F /* ClassFile.swift in Sources */,
				66E403981E70C4D900C6184A /* AppDelegate.swift in Sources */,
				66E403AA1E70C9B600C6184A /* DiscountViewController.swift in Sources */,
				66E403AC1E70C9D400C6184A /* ResultViewController.swift in Sources */,
			);
			runOnlyForDeploymentPostprocessing = 0;
		};
/* End PBXSourcesBuildPhase section */

/* Begin PBXVariantGroup section */
		66E4039B1E70C4D900C6184A /* Main.storyboard */ = {
			isa = PBXVariantGroup;
			children = (
				66E4039C1E70C4D900C6184A /* Base */,
			);
			name = Main.storyboard;
			sourceTree = "<group>";
		};
		66E403A01E70C4DA00C6184A /* LaunchScreen.storyboard */ = {
			isa = PBXVariantGroup;
			children = (
				66E403A11E70C4DA00C6184A /* Base */,
			);
			name = LaunchScreen.storyboard;
			sourceTree = "<group>";
		};
/* End PBXVariantGroup section */

/* Begin XCBuildConfiguration section */
		66E403A41E70C4DA00C6184A /* Debug */ = {
			isa = XCBuildConfiguration;
			buildSettings = {
				ALWAYS_SEARCH_USER_PATHS = NO;
				CLANG_ANALYZER_NONNULL = YES;
				CLANG_CXX_LANGUAGE_STANDARD = "gnu++0x";
				CLANG_CXX_LIBRARY = "libc++";
				CLANG_ENABLE_MODULES = YES;
				CLANG_ENABLE_OBJC_ARC = YES;
				CLANG_WARN_BOOL_CONVERSION = YES;
				CLANG_WARN_CONSTANT_CONVERSION = YES;
				CLANG_WARN_DIRECT_OBJC_ISA_USAGE = YES_ERROR;
				CLANG_WARN_DOCUMENTATION_COMMENTS = YES;
				CLANG_WARN_EMPTY_BODY = YES;
				CLANG_WARN_ENUM_CONVERSION = YES;
				CLANG_WARN_INFINITE_RECURSION = YES;
				CLANG_WARN_INT_CONVERSION = YES;
				CLANG_WARN_OBJC_ROOT_CLASS = YES_ERROR;
				CLANG_WARN_SUSPICIOUS_MOVE = YES;
				CLANG_WARN_UNREACHABLE_CODE = YES;
				CLANG_WARN__DUPLICATE_METHOD_MATCH = YES;
				"CODE_SIGN_IDENTITY[sdk=iphoneos*]" = "iPhone Developer";
				COPY_PHASE_STRIP = NO;
				DEBUG_INFORMATION_FORMAT = dwarf;
				ENABLE_STRICT_OBJC_MSGSEND = YES;
				ENABLE_TESTABILITY = YES;
				GCC_C_LANGUAGE_STANDARD = gnu99;
				GCC_DYNAMIC_NO_PIC = NO;
				GCC_NO_COMMON_BLOCKS = YES;
				GCC_OPTIMIZATION_LEVEL = 0;
				GCC_PREPROCESSOR_DEFINITIONS = (
					"DEBUG=1",
					"$(inherited)",
				);
				GCC_WARN_64_TO_32_BIT_CONVERSION = YES;
				GCC_WARN_ABOUT_RETURN_TYPE = YES_ERROR;
				GCC_WARN_UNDECLARED_SELECTOR = YES;
				GCC_WARN_UNINITIALIZED_AUTOS = YES_AGGRESSIVE;
				GCC_WARN_UNUSED_FUNCTION = YES;
				GCC_WARN_UNUSED_VARIABLE = YES;
				IPHONEOS_DEPLOYMENT_TARGET = 10.2;
				MTL_ENABLE_DEBUG_INFO = YES;
				ONLY_ACTIVE_ARCH = YES;
				SDKROOT = iphoneos;
				SWIFT_ACTIVE_COMPILATION_CONDITIONS = DEBUG;
				SWIFT_OPTIMIZATION_LEVEL = "-Onone";
			};
			name = Debug;
		};
		66E403A51E70C4DA00C6184A /* Release */ = {
			isa = XCBuildConfiguration;
			buildSettings = {
				ALWAYS_SEARCH_USER_PATHS = NO;
				CLANG_ANALYZER_NONNULL = YES;
				CLANG_CXX_LANGUAGE_STANDARD = "gnu++0x";
				CLANG_CXX_LIBRARY = "libc++";
				CLANG_ENABLE_MODULES = YES;
				CLANG_ENABLE_OBJC_ARC = YES;
				CLANG_WARN_BOOL_CONVERSION = YES;
				CLANG_WARN_CONSTANT_CONVERSION = YES;
				CLANG_WARN_DIRECT_OBJC_ISA_USAGE = YES_ERROR;
				CLANG_WARN_DOCUMENTATION_COMMENTS = YES;
				CLANG_WARN_EMPTY_BODY = YES;
				CLANG_WARN_ENUM_CONVERSION = YES;
				CLANG_WARN_INFINITE_RECURSION = YES;
				CLANG_WARN_INT_CONVERSION = YES;
				CLANG_WARN_OBJC_ROOT_CLASS = YES_ERROR;
				CLANG_WARN_SUSPICIOUS_MOVE = YES;
				CLANG_WARN_UNREACHABLE_CODE = YES;
				CLANG_WARN__DUPLICATE_METHOD_MATCH = YES;
				"CODE_SIGN_IDENTITY[sdk=iphoneos*]" = "iPhone Developer";
				COPY_PHASE_STRIP = NO;
				DEBUG_INFORMATION_FORMAT = "dwarf-with-dsym";
				ENABLE_NS_ASSERTIONS = NO;
				ENABLE_STRICT_OBJC_MSGSEND = YES;
				GCC_C_LANGUAGE_STANDARD = gnu99;
				GCC_NO_COMMON_BLOCKS = YES;
				GCC_WARN_64_TO_32_BIT_CONVERSION = YES;
				GCC_WARN_ABOUT_RETURN_TYPE = YES_ERROR;
				GCC_WARN_UNDECLARED_SELECTOR = YES;
				GCC_WARN_UNINITIALIZED_AUTOS = YES_AGGRESSIVE;
				GCC_WARN_UNUSED_FUNCTION = YES;
				GCC_WARN_UNUSED_VARIABLE = YES;
				IPHONEOS_DEPLOYMENT_TARGET = 10.2;
				MTL_ENABLE_DEBUG_INFO = NO;
				SDKROOT = iphoneos;
				SWIFT_OPTIMIZATION_LEVEL = "-Owholemodule";
				VALIDATE_PRODUCT = YES;
			};
			name = Release;
		};
		66E403A71E70C4DA00C6184A /* Debug */ = {
			isa = XCBuildConfiguration;
			buildSettings = {
				ASSETCATALOG_COMPILER_APPICON_NAME = AppIcon;
				DEVELOPMENT_TEAM = M5J7Y579C8;
				INFOPLIST_FILE = Assignment3/Info.plist;
				LD_RUNPATH_SEARCH_PATHS = "$(inherited) @executable_path/Frameworks";
				PRODUCT_BUNDLE_IDENTIFIER = com.example.Assignment3;
				PRODUCT_NAME = "$(TARGET_NAME)";
				SWIFT_VERSION = 3.0;
			};
			name = Debug;
		};
		66E403A81E70C4DA00C6184A /* Release */ = {
			isa = XCBuildConfiguration;
			buildSettings = {
				ASSETCATALOG_COMPILER_APPICON_NAME = AppIcon;
				DEVELOPMENT_TEAM = M5J7Y579C8;
				INFOPLIST_FILE = Assignment3/Info.plist;
				LD_RUNPATH_SEARCH_PATHS = "$(inherited) @executable_path/Frameworks";
				PRODUCT_BUNDLE_IDENTIFIER = com.example.Assignment3;
				PRODUCT_NAME = "$(TARGET_NAME)";
				SWIFT_VERSION = 3.0;
			};
			name = Release;
		};
/* End XCBuildConfiguration section */

/* Begin XCConfigurationList section */
		66E4038F1E70C4D400C6184A /* Build configuration list for PBXProject "Assignment3" */ = {
			isa = XCConfigurationList;
			buildConfigurations = (
				66E403A41E70C4DA00C6184A /* Debug */,
				66E403A51E70C4DA00C6184A /* Release */,
			);
			defaultConfigurationIsVisible = 0;
			defaultConfigurationName = Release;
		};
		66E403A61E70C4DA00C6184A /* Build configuration list for PBXNativeTarget "Assignment3" */ = {
			isa = XCConfigurationList;
			buildConfigurations = (
				66E403A71E70C4DA00C6184A /* Debug */,
				66E403A81E70C4DA00C6184A /* Release */,
			);
			defaultConfigurationIsVisible = 0;
			defaultConfigurationName = Release;
		};
/* End XCConfigurationList section */
	};
	rootObject = 66E4038C1E70C4D400C6184A /* Project object */;
}
